
Microsoft Visual Studio Solution File, Format Version 11.00
# Visual Studio 2010
Project("{FAE04EC0-301F-11D3-BF4B-00C04F79EFBC}") = "vz_trend_line_alarm", "vz_trend_line_alarm\vz_trend_line_alarm.csproj", "{B4C4426D-EBEA-4E4C-8B3E-AECB2493C6EF}"
EndProject
Global
	GlobalSection(SolutionConfigurationPlatforms) = preSolution
		Debug|Any CPU = Debug|Any CPU
		Release|Any CPU = Release|Any CPU
	EndGlobalSection
	GlobalSection(ProjectConfigurationPlatforms) = postSolution
		{B4C4426D-EBEA-4E4C-8B3E-AECB2493C6EF}.Debug|Any CPU.ActiveCfg = Debug|Any CPU
		{B4C4426D-EBEA-4E4C-8B3E-AECB2493C6EF}.Debug|Any CPU.Build.0 = Debug|Any CPU
		{B4C4426D-EBEA-4E4C-8B3E-AECB2493C6EF}.Release|Any CPU.ActiveCfg = Release|Any CPU
		{B4C4426D-EBEA-4E4C-8B3E-AECB2493C6EF}.Release|Any CPU.Build.0 = Release|Any CPU
	EndGlobalSection
	GlobalSection(SolutionProperties) = preSolution
		HideSolutionNode = FALSE
	EndGlobalSection
EndGlobal
